PODS:
  - KiteJSONValidator (0.2.3):
    - KiteJSONValidator/KiteJSONResources (= 0.2.3)
  - KiteJSONValidator/KiteJSONResources (0.2.3)

DEPENDENCIES:
  - KiteJSONValidator (~> 0.2.3)

SPEC CHECKSUMS:
  KiteJSONValidator: 9692df579aab9d195c68d4cab992cfd37d8744ab

PODFILE CHECKSUM: 1288f65a046013de9221af0fdb18ef5b92687aaf

COCOAPODS: 1.3.1
